PODS:
  - SwiftFormat/CLI (0.48.6)
  - SwiftGen (6.4.0)
  - SwiftLint (0.43.1)

DEPENDENCIES:
  - SwiftFormat/CLI
  - SwiftGen
  - SwiftLint

SPEC REPOS:
  trunk:
    - SwiftFormat
    - SwiftGen
    - SwiftLint

SPEC CHECKSUMS:
  SwiftFormat: 835d432cbffc8916d3def6e37a01a10c516d8e24
  SwiftGen: 67860cc7c3cfc2ed25b9b74cfd55495fc89f9108
  SwiftLint: 99f82d07b837b942dd563c668de129a03fc3fb52

PODFILE CHECKSUM: 5a94118ec18c64f8d26357ac8adb70702968d1c3

COCOAPODS: 1.10.1
